
Microsoft Visual Studio Solution File, Format Version 12.00
# Visual Studio Version 16
VisualStudioVersion = 16.0.31402.337
MinimumVisualStudioVersion = 10.0.40219.1
Project("{FAE04EC0-301F-11D3-BF4B-00C04F79EFBC}") = "CA_GeriyeDeger[-]Parametre[-]", "CA_GeriyeDeger[-]Parametre[-]\CA_GeriyeDeger[-]Parametre[-].csproj", "{2AB86576-A560-4893-87FB-7B9336E7AD09}"
EndProject
Global
	GlobalSection(SolutionConfigurationPlatforms) = preSolution
		Debug|Any CPU = Debug|Any CPU
		Release|Any CPU = Release|Any CPU
	EndGlobalSection
	GlobalSection(ProjectConfigurationPlatforms) = postSolution
		{2AB86576-A560-4893-87FB-7B9336E7AD09}.Debug|Any CPU.ActiveCfg = Debug|Any CPU
		{2AB86576-A560-4893-87FB-7B9336E7AD09}.Debug|Any CPU.Build.0 = Debug|Any CPU
		{2AB86576-A560-4893-87FB-7B9336E7AD09}.Release|Any CPU.ActiveCfg = Release|Any CPU
		{2AB86576-A560-4893-87FB-7B9336E7AD09}.Release|Any CPU.Build.0 = Release|Any CPU
	EndGlobalSection
	GlobalSection(SolutionProperties) = preSolution
		HideSolutionNode = FALSE
	EndGlobalSection
	GlobalSection(ExtensibilityGlobals) = postSolution
		SolutionGuid = {39400CFF-26A4-4A35-8054-4D631293F7E0}
	EndGlobalSection
EndGlobal
